// !$*UTF8*$!
{
	archiveVersion = 1;
	classes = {
	};
	objectVersion = 52;
	objects = {

/* Begin PBXBuildFile section */
		7E4DB955254A06D2002619A4 /* AppView.swift in Sources */ = {isa = PBXBuildFile; fileRef = 7E4DB954254A06D2002619A4 /* AppView.swift */; };
		7E4DB958254A06ED002619A4 /* TopView.swift in Sources */ = {isa = PBXBuildFile; fileRef = 7E4DB957254A06ED002619A4 /* TopView.swift */; };
		7E4DB95B254A070A002619A4 /* TopTitle.swift in Sources */ = {isa = PBXBuildFile; fileRef = 7E4DB95A254A070A002619A4 /* TopTitle.swift */; };
		7EDB73AB254B4CDE00128CF3 /* ListTitleView.swift in Sources */ = {isa = PBXBuildFile; fileRef = 7EDB73AA254B4CDE00128CF3 /* ListTitleView.swift */; };
		7EDB73AE254B4DBC00128CF3 /* MatchingPersonDetailView.swift in Sources */ = {isa = PBXBuildFile; fileRef = 7EDB73AD254B4DBC00128CF3 /* MatchingPersonDetailView.swift */; };
		7EDB73B1254B4E1800128CF3 /* MessageCell.swift in Sources */ = {isa = PBXBuildFile; fileRef = 7EDB73B0254B4E1800128CF3 /* MessageCell.swift */; };
		7EDB73B4254B4EBC00128CF3 /* MessagesCellModel.swift in Sources */ = {isa = PBXBuildFile; fileRef = 7EDB73B3254B4EBC00128CF3 /* MessagesCellModel.swift */; };
		7EDB73B7254B506E00128CF3 /* NewMatchesCell.swift in Sources */ = {isa = PBXBuildFile; fileRef = 7EDB73B6254B506E00128CF3 /* NewMatchesCell.swift */; };
		7EDB73BA254B50D500128CF3 /* NewMatchesCellModel.swift in Sources */ = {isa = PBXBuildFile; fileRef = 7EDB73B9254B50D500128CF3 /* NewMatchesCellModel.swift */; };
		7EDB73BD254B515A00128CF3 /* MainTabView.swift in Sources */ = {isa = PBXBuildFile; fileRef = 7EDB73BC254B515A00128CF3 /* MainTabView.swift */; };
		81BAE30B2551201300571BDF /* SDWebImageSwiftUI in Frameworks */ = {isa = PBXBuildFile; productRef = 81BAE30A2551201300571BDF /* SDWebImageSwiftUI */; };

		9351847B255925C10008C282 /* ChatMessageModel.swift in Sources */ = {isa = PBXBuildFile; fileRef = 9351847A255925C10008C282 /* ChatMessageModel.swift */; };
		9351847D255925EE0008C282 /* ChatRowView.swift in Sources */ = {isa = PBXBuildFile; fileRef = 9351847C255925EE0008C282 /* ChatRowView.swift */; };
		9351847F255926220008C282 /* VMChatRow.swift in Sources */ = {isa = PBXBuildFile; fileRef = 9351847E255926220008C282 /* VMChatRow.swift */; };
		935184812559275B0008C282 /* ChatView.swift in Sources */ = {isa = PBXBuildFile; fileRef = 935184802559275B0008C282 /* ChatView.swift */; };

		81F25A882553BBFB005181DC /* SceneDelegate.swift in Sources */ = {isa = PBXBuildFile; fileRef = 81F25A872553BBFB005181DC /* SceneDelegate.swift */; };

		9359653625230FF7002E8593 /* TestModel.swift in Sources */ = {isa = PBXBuildFile; fileRef = 9359653525230FF7002E8593 /* TestModel.swift */; };
		93596538252310B9002E8593 /* VMTest.swift in Sources */ = {isa = PBXBuildFile; fileRef = 93596537252310B9002E8593 /* VMTest.swift */; };
		937E6FE0253D48900015004F /* MsgBubbleModel.swift in Sources */ = {isa = PBXBuildFile; fileRef = 937E6FDF253D48900015004F /* MsgBubbleModel.swift */; };
		9388B940253CE16E00F01654 /* TestView.swift in Sources */ = {isa = PBXBuildFile; fileRef = 9388B93F253CE16E00F01654 /* TestView.swift */; };
		9388B962253CE41200F01654 /* MessageView.swift in Sources */ = {isa = PBXBuildFile; fileRef = 9388B961253CE41200F01654 /* MessageView.swift */; };
		9388B964253CE43000F01654 /* MatchView.swift in Sources */ = {isa = PBXBuildFile; fileRef = 9388B963253CE43000F01654 /* MatchView.swift */; };
		9388B966253CE43D00F01654 /* ProfileView.swift in Sources */ = {isa = PBXBuildFile; fileRef = 9388B965253CE43D00F01654 /* ProfileView.swift */; };
		9394CE412548083D00121D5F /* LoginSignUpModel.swift in Sources */ = {isa = PBXBuildFile; fileRef = 9394CE402548083D00121D5F /* LoginSignUpModel.swift */; };
		93AE5AB22523056700F8C49A /* AppDelegate.swift in Sources */ = {isa = PBXBuildFile; fileRef = 93AE5AB12523056700F8C49A /* AppDelegate.swift */; };
		93AE5AB62523056700F8C49A /* ContentView.swift in Sources */ = {isa = PBXBuildFile; fileRef = 93AE5AB52523056700F8C49A /* ContentView.swift */; };
		93AE5ABB2523056800F8C49A /* Preview Assets.xcassets in Resources */ = {isa = PBXBuildFile; fileRef = 93AE5ABA2523056800F8C49A /* Preview Assets.xcassets */; };
		93AE5ABE2523056800F8C49A /* LaunchScreen.storyboard in Resources */ = {isa = PBXBuildFile; fileRef = 93AE5ABC2523056800F8C49A /* LaunchScreen.storyboard */; };
		93AE5ACD252306C900F8C49A /* GoogleService-Info.plist in Resources */ = {isa = PBXBuildFile; fileRef = 93AE5ACC252306C900F8C49A /* GoogleService-Info.plist */; };
		93EEF053254FFADB002C5E18 /* Assets.xcassets in Resources */ = {isa = PBXBuildFile; fileRef = 93EEF052254FFADB002C5E18 /* Assets.xcassets */; };
		93FEBEE32545F31A00FD5D04 /* User.swift in Sources */ = {isa = PBXBuildFile; fileRef = 93FEBEE22545F31A00FD5D04 /* User.swift */; };
		93FEBF0A2546258B00FD5D04 /* LoginSignUpView.swift in Sources */ = {isa = PBXBuildFile; fileRef = 93FEBF092546258B00FD5D04 /* LoginSignUpView.swift */; };
		E51394951947C3EABADE1D33 /* Pods_CPSC575Project.framework in Frameworks */ = {isa = PBXBuildFile; fileRef = 5E207121F52A445C4DC1C683 /* Pods_CPSC575Project.framework */; };
/* End PBXBuildFile section */

/* Begin PBXFileReference section */
		18592B7796A1938A75276D42 /* Pods-CPSC575Project.release.xcconfig */ = {isa = PBXFileReference; includeInIndex = 1; lastKnownFileType = text.xcconfig; name = "Pods-CPSC575Project.release.xcconfig"; path = "Target Support Files/Pods-CPSC575Project/Pods-CPSC575Project.release.xcconfig"; sourceTree = "<group>"; };
		5E207121F52A445C4DC1C683 /* Pods_CPSC575Project.framework */ = {isa = PBXFileReference; explicitFileType = wrapper.framework; includeInIndex = 0; path = Pods_CPSC575Project.framework; sourceTree = BUILT_PRODUCTS_DIR; };
		7E4DB954254A06D2002619A4 /* AppView.swift */ = {isa = PBXFileReference; lastKnownFileType = sourcecode.swift; path = AppView.swift; sourceTree = "<group>"; };
		7E4DB957254A06ED002619A4 /* TopView.swift */ = {isa = PBXFileReference; lastKnownFileType = sourcecode.swift; path = TopView.swift; sourceTree = "<group>"; };
		7E4DB95A254A070A002619A4 /* TopTitle.swift */ = {isa = PBXFileReference; lastKnownFileType = sourcecode.swift; path = TopTitle.swift; sourceTree = "<group>"; };
		7EDB73AA254B4CDE00128CF3 /* ListTitleView.swift */ = {isa = PBXFileReference; lastKnownFileType = sourcecode.swift; path = ListTitleView.swift; sourceTree = "<group>"; };
		7EDB73AD254B4DBC00128CF3 /* MatchingPersonDetailView.swift */ = {isa = PBXFileReference; lastKnownFileType = sourcecode.swift; path = MatchingPersonDetailView.swift; sourceTree = "<group>"; };
		7EDB73B0254B4E1800128CF3 /* MessageCell.swift */ = {isa = PBXFileReference; lastKnownFileType = sourcecode.swift; path = MessageCell.swift; sourceTree = "<group>"; };
		7EDB73B3254B4EBC00128CF3 /* MessagesCellModel.swift */ = {isa = PBXFileReference; lastKnownFileType = sourcecode.swift; path = MessagesCellModel.swift; sourceTree = "<group>"; };
		7EDB73B6254B506E00128CF3 /* NewMatchesCell.swift */ = {isa = PBXFileReference; lastKnownFileType = sourcecode.swift; path = NewMatchesCell.swift; sourceTree = "<group>"; };
		7EDB73B9254B50D500128CF3 /* NewMatchesCellModel.swift */ = {isa = PBXFileReference; lastKnownFileType = sourcecode.swift; path = NewMatchesCellModel.swift; sourceTree = "<group>"; };
		7EDB73BC254B515A00128CF3 /* MainTabView.swift */ = {isa = PBXFileReference; lastKnownFileType = sourcecode.swift; path = MainTabView.swift; sourceTree = "<group>"; };

		9351847A255925C10008C282 /* ChatMessageModel.swift */ = {isa = PBXFileReference; lastKnownFileType = sourcecode.swift; path = ChatMessageModel.swift; sourceTree = "<group>"; };
		9351847C255925EE0008C282 /* ChatRowView.swift */ = {isa = PBXFileReference; lastKnownFileType = sourcecode.swift; name = ChatRowView.swift; path = /Users/bryan/Desktop/CPSC575Project/CPSC575Project/MessageScreen/Messaging/ChatRowView.swift; sourceTree = "<absolute>"; };
		9351847E255926220008C282 /* VMChatRow.swift */ = {isa = PBXFileReference; lastKnownFileType = sourcecode.swift; path = VMChatRow.swift; sourceTree = "<group>"; };
		935184802559275B0008C282 /* ChatView.swift */ = {isa = PBXFileReference; lastKnownFileType = sourcecode.swift; path = ChatView.swift; sourceTree = "<group>"; };

		81F25A872553BBFB005181DC /* SceneDelegate.swift */ = {isa = PBXFileReference; lastKnownFileType = sourcecode.swift; name = SceneDelegate.swift; path = CPSC575Project/SceneDelegate.swift; sourceTree = "<group>"; };

		9359653525230FF7002E8593 /* TestModel.swift */ = {isa = PBXFileReference; lastKnownFileType = sourcecode.swift; path = TestModel.swift; sourceTree = "<group>"; };
		93596537252310B9002E8593 /* VMTest.swift */ = {isa = PBXFileReference; lastKnownFileType = sourcecode.swift; path = VMTest.swift; sourceTree = "<group>"; };
		937E6FDF253D48900015004F /* MsgBubbleModel.swift */ = {isa = PBXFileReference; lastKnownFileType = sourcecode.swift; path = MsgBubbleModel.swift; sourceTree = "<group>"; };
		9388B93F253CE16E00F01654 /* TestView.swift */ = {isa = PBXFileReference; lastKnownFileType = sourcecode.swift; path = TestView.swift; sourceTree = "<group>"; };
		9388B961253CE41200F01654 /* MessageView.swift */ = {isa = PBXFileReference; lastKnownFileType = sourcecode.swift; path = MessageView.swift; sourceTree = "<group>"; };
		9388B963253CE43000F01654 /* MatchView.swift */ = {isa = PBXFileReference; lastKnownFileType = sourcecode.swift; path = MatchView.swift; sourceTree = "<group>"; };
		9388B965253CE43D00F01654 /* ProfileView.swift */ = {isa = PBXFileReference; lastKnownFileType = sourcecode.swift; path = ProfileView.swift; sourceTree = "<group>"; };
		9394CE402548083D00121D5F /* LoginSignUpModel.swift */ = {isa = PBXFileReference; lastKnownFileType = sourcecode.swift; path = LoginSignUpModel.swift; sourceTree = "<group>"; };
		93AE5AAE2523056700F8C49A /* CPSC575Project.app */ = {isa = PBXFileReference; explicitFileType = wrapper.application; includeInIndex = 0; path = CPSC575Project.app; sourceTree = BUILT_PRODUCTS_DIR; };
		93AE5AB12523056700F8C49A /* AppDelegate.swift */ = {isa = PBXFileReference; lastKnownFileType = sourcecode.swift; name = AppDelegate.swift; path = CPSC575Project/AppDelegate.swift; sourceTree = SOURCE_ROOT; };
		93AE5AB32523056700F8C49A /* SceneDelegate.swift */ = {isa = PBXFileReference; lastKnownFileType = sourcecode.swift; name = SceneDelegate.swift; path = CPSC575Project/SceneDelegate.swift; sourceTree = "<group>"; };
		93AE5AB52523056700F8C49A /* ContentView.swift */ = {isa = PBXFileReference; lastKnownFileType = sourcecode.swift; path = ContentView.swift; sourceTree = "<group>"; usesTabs = 1; };
		93AE5ABA2523056800F8C49A /* Preview Assets.xcassets */ = {isa = PBXFileReference; lastKnownFileType = folder.assetcatalog; path = "Preview Assets.xcassets"; sourceTree = "<group>"; };
		93AE5ABD2523056800F8C49A /* Base */ = {isa = PBXFileReference; lastKnownFileType = file.storyboard; name = Base; path = Base.lproj/LaunchScreen.storyboard; sourceTree = "<group>"; };
		93AE5ABF2523056800F8C49A /* Info.plist */ = {isa = PBXFileReference; lastKnownFileType = text.plist.xml; path = Info.plist; sourceTree = "<group>"; };
		93AE5ACC252306C900F8C49A /* GoogleService-Info.plist */ = {isa = PBXFileReference; fileEncoding = 4; lastKnownFileType = text.plist.xml; path = "GoogleService-Info.plist"; sourceTree = "<group>"; };
		93EEF052254FFADB002C5E18 /* Assets.xcassets */ = {isa = PBXFileReference; lastKnownFileType = folder.assetcatalog; path = Assets.xcassets; sourceTree = "<group>"; };
		93FEBEE22545F31A00FD5D04 /* User.swift */ = {isa = PBXFileReference; lastKnownFileType = sourcecode.swift; path = User.swift; sourceTree = "<group>"; };
		93FEBF092546258B00FD5D04 /* LoginSignUpView.swift */ = {isa = PBXFileReference; lastKnownFileType = sourcecode.swift; path = LoginSignUpView.swift; sourceTree = "<group>"; };
		E3A5B856865AD5F6D6578178 /* Pods-CPSC575Project.debug.xcconfig */ = {isa = PBXFileReference; includeInIndex = 1; lastKnownFileType = text.xcconfig; name = "Pods-CPSC575Project.debug.xcconfig"; path = "Target Support Files/Pods-CPSC575Project/Pods-CPSC575Project.debug.xcconfig"; sourceTree = "<group>"; };
/* End PBXFileReference section */

/* Begin PBXFrameworksBuildPhase section */
		93AE5AAB2523056700F8C49A /* Frameworks */ = {
			isa = PBXFrameworksBuildPhase;
			buildActionMask = 2147483647;
			files = (
				81BAE30B2551201300571BDF /* SDWebImageSwiftUI in Frameworks */,
				E51394951947C3EABADE1D33 /* Pods_CPSC575Project.framework in Frameworks */,
			);
			runOnlyForDeploymentPostprocessing = 0;
		};
/* End PBXFrameworksBuildPhase section */

/* Begin PBXGroup section */
		61FD6FD44B96F506D8891632 /* Frameworks */ = {
			isa = PBXGroup;
			children = (
				5E207121F52A445C4DC1C683 /* Pods_CPSC575Project.framework */,
			);
			name = Frameworks;
			sourceTree = "<group>";
		};
		935184792559259C0008C282 /* Messaging */ = {
			isa = PBXGroup;
			children = (
				9351847C255925EE0008C282 /* ChatRowView.swift */,
				9351847A255925C10008C282 /* ChatMessageModel.swift */,
				9351847E255926220008C282 /* VMChatRow.swift */,
				935184802559275B0008C282 /* ChatView.swift */,
			);
			path = Messaging;
			sourceTree = "<group>";
		};
		93AE5AA52523056700F8C49A = {
			isa = PBXGroup;
			children = (
				81F25A872553BBFB005181DC /* SceneDelegate.swift */,
				93AE5AB02523056700F8C49A /* CPSC575Project */,
				93AE5AAF2523056700F8C49A /* Products */,
				B648E5D0014208FD8574C049 /* Pods */,
				61FD6FD44B96F506D8891632 /* Frameworks */,
			);
			sourceTree = "<group>";
		};
		93AE5AAF2523056700F8C49A /* Products */ = {
			isa = PBXGroup;
			children = (
				93AE5AAE2523056700F8C49A /* CPSC575Project.app */,
			);
			name = Products;
			sourceTree = "<group>";
		};
		93AE5AB02523056700F8C49A /* CPSC575Project */ = {
			isa = PBXGroup;
			children = (
				93EEF052254FFADB002C5E18 /* Assets.xcassets */,
				93EEF04F254FF813002C5E18 /* MainScreen */,
				93EEF049254FF2FB002C5E18 /* LoginSignUpScreen */,
				93EEF04B254FF3A8002C5E18 /* ProfileScreen */,
				93EEF04D254FF3C2002C5E18 /* MatchScreen */,
				93EEF04C254FF3BB002C5E18 /* MessageScreen */,
				93AE5AC9252305D500F8C49A /* General */,
				93EEF04E254FF410002C5E18 /* TestScreen */,
				93AE5AC52523059000F8C49A /* App */,
				93AE5AC6252305A300F8C49A /* Services */,
				93AE5ACB2523061C00F8C49A /* Repositories */,
				93AE5ABC2523056800F8C49A /* LaunchScreen.storyboard */,
				93AE5ABF2523056800F8C49A /* Info.plist */,
				93AE5ACC252306C900F8C49A /* GoogleService-Info.plist */,
				93AE5AB92523056800F8C49A /* Preview Content */,
			);
			path = CPSC575Project;
			sourceTree = "<group>";
		};
		93AE5AB92523056800F8C49A /* Preview Content */ = {
			isa = PBXGroup;
			children = (
				93AE5ABA2523056800F8C49A /* Preview Assets.xcassets */,
			);
			path = "Preview Content";
			sourceTree = "<group>";
		};
		93AE5AC52523059000F8C49A /* App */ = {
			isa = PBXGroup;
			children = (
				93AE5AB12523056700F8C49A /* AppDelegate.swift */,
				93AE5AB32523056700F8C49A /* SceneDelegate.swift */,
			);
			path = App;
			sourceTree = "<group>";
		};
		93AE5AC6252305A300F8C49A /* Services */ = {
			isa = PBXGroup;
			children = (
			);
			path = Services;
			sourceTree = "<group>";
		};
		93AE5AC9252305D500F8C49A /* General */ = {
			isa = PBXGroup;
			children = (
				7E4DB957254A06ED002619A4 /* TopView.swift */,
				7E4DB95A254A070A002619A4 /* TopTitle.swift */,
				7EDB73AA254B4CDE00128CF3 /* ListTitleView.swift */,
			);
			path = General;
			sourceTree = "<group>";
		};
		93AE5ACB2523061C00F8C49A /* Repositories */ = {
			isa = PBXGroup;
			children = (
			);
			path = Repositories;
			sourceTree = "<group>";
		};
		93EEF049254FF2FB002C5E18 /* LoginSignUpScreen */ = {
			isa = PBXGroup;
			children = (
				93FEBEE22545F31A00FD5D04 /* User.swift */,
				93FEBF092546258B00FD5D04 /* LoginSignUpView.swift */,
				9394CE402548083D00121D5F /* LoginSignUpModel.swift */,
			);
			path = LoginSignUpScreen;
			sourceTree = "<group>";
		};
		93EEF04B254FF3A8002C5E18 /* ProfileScreen */ = {
			isa = PBXGroup;
			children = (
				9388B965253CE43D00F01654 /* ProfileView.swift */,
				7E4DB954254A06D2002619A4 /* AppView.swift */,
			);
			path = ProfileScreen;
			sourceTree = "<group>";
		};
		93EEF04C254FF3BB002C5E18 /* MessageScreen */ = {
			isa = PBXGroup;
			children = (
				935184792559259C0008C282 /* Messaging */,
				7EDB73B0254B4E1800128CF3 /* MessageCell.swift */,
				7EDB73B3254B4EBC00128CF3 /* MessagesCellModel.swift */,
				9388B961253CE41200F01654 /* MessageView.swift */,
				937E6FDF253D48900015004F /* MsgBubbleModel.swift */,
			);
			path = MessageScreen;
			sourceTree = "<group>";
		};
		93EEF04D254FF3C2002C5E18 /* MatchScreen */ = {
			isa = PBXGroup;
			children = (
				7EDB73AD254B4DBC00128CF3 /* MatchingPersonDetailView.swift */,
				7EDB73B6254B506E00128CF3 /* NewMatchesCell.swift */,
				7EDB73B9254B50D500128CF3 /* NewMatchesCellModel.swift */,
				9388B963253CE43000F01654 /* MatchView.swift */,
			);
			path = MatchScreen;
			sourceTree = "<group>";
		};
		93EEF04E254FF410002C5E18 /* TestScreen */ = {
			isa = PBXGroup;
			children = (
				9359653525230FF7002E8593 /* TestModel.swift */,
				93596537252310B9002E8593 /* VMTest.swift */,
				9388B93F253CE16E00F01654 /* TestView.swift */,
			);
			path = TestScreen;
			sourceTree = "<group>";
		};
		93EEF04F254FF813002C5E18 /* MainScreen */ = {
			isa = PBXGroup;
			children = (
				7EDB73BC254B515A00128CF3 /* MainTabView.swift */,
				93AE5AB52523056700F8C49A /* ContentView.swift */,
			);
			path = MainScreen;
			sourceTree = "<group>";
		};
		B648E5D0014208FD8574C049 /* Pods */ = {
			isa = PBXGroup;
			children = (
				E3A5B856865AD5F6D6578178 /* Pods-CPSC575Project.debug.xcconfig */,
				18592B7796A1938A75276D42 /* Pods-CPSC575Project.release.xcconfig */,
			);
			path = Pods;
			sourceTree = "<group>";
		};
/* End PBXGroup section */

/* Begin PBXNativeTarget section */
		93AE5AAD2523056700F8C49A /* CPSC575Project */ = {
			isa = PBXNativeTarget;
			buildConfigurationList = 93AE5AC22523056800F8C49A /* Build configuration list for PBXNativeTarget "CPSC575Project" */;
			buildPhases = (
				93FC68BFE891F7A0535A1F01 /* [CP] Check Pods Manifest.lock */,
				93AE5AAA2523056700F8C49A /* Sources */,
				93AE5AAB2523056700F8C49A /* Frameworks */,
				93AE5AAC2523056700F8C49A /* Resources */,
				72FCEA9E847D6E8F5BD228FB /* [CP] Embed Pods Frameworks */,
			);
			buildRules = (
			);
			dependencies = (
			);
			name = CPSC575Project;
			packageProductDependencies = (
				81BAE30A2551201300571BDF /* SDWebImageSwiftUI */,
			);
			productName = CPSC575Project;
			productReference = 93AE5AAE2523056700F8C49A /* CPSC575Project.app */;
			productType = "com.apple.product-type.application";
		};
/* End PBXNativeTarget section */

/* Begin PBXProject section */
		93AE5AA62523056700F8C49A /* Project object */ = {
			isa = PBXProject;
			attributes = {
				LastSwiftUpdateCheck = 1170;
				LastUpgradeCheck = 1170;
				ORGANIZATIONNAME = "bryan lam";
				TargetAttributes = {
					93AE5AAD2523056700F8C49A = {
						CreatedOnToolsVersion = 11.7;
					};
				};
			};
			buildConfigurationList = 93AE5AA92523056700F8C49A /* Build configuration list for PBXProject "CPSC575Project" */;
			compatibilityVersion = "Xcode 9.3";
			developmentRegion = en;
			hasScannedForEncodings = 0;
			knownRegions = (
				en,
				Base,
			);
			mainGroup = 93AE5AA52523056700F8C49A;
			packageReferences = (
				81BAE3092551201300571BDF /* XCRemoteSwiftPackageReference "SDWebImageSwiftUI" */,
			);
			productRefGroup = 93AE5AAF2523056700F8C49A /* Products */;
			projectDirPath = "";
			projectRoot = "";
			targets = (
				93AE5AAD2523056700F8C49A /* CPSC575Project */,
			);
		};
/* End PBXProject section */

/* Begin PBXResourcesBuildPhase section */
		93AE5AAC2523056700F8C49A /* Resources */ = {
			isa = PBXResourcesBuildPhase;
			buildActionMask = 2147483647;
			files = (
				93AE5ABE2523056800F8C49A /* LaunchScreen.storyboard in Resources */,
				93AE5ACD252306C900F8C49A /* GoogleService-Info.plist in Resources */,
				93AE5ABB2523056800F8C49A /* Preview Assets.xcassets in Resources */,
				93EEF053254FFADB002C5E18 /* Assets.xcassets in Resources */,
			);
			runOnlyForDeploymentPostprocessing = 0;
		};
/* End PBXResourcesBuildPhase section */

/* Begin PBXShellScriptBuildPhase section */
		72FCEA9E847D6E8F5BD228FB /* [CP] Embed Pods Frameworks */ = {
			isa = PBXShellScriptBuildPhase;
			buildActionMask = 2147483647;
			files = (
			);
			inputFileListPaths = (
				"${PODS_ROOT}/Target Support Files/Pods-CPSC575Project/Pods-CPSC575Project-frameworks-${CONFIGURATION}-input-files.xcfilelist",
			);
			name = "[CP] Embed Pods Frameworks";
			outputFileListPaths = (
				"${PODS_ROOT}/Target Support Files/Pods-CPSC575Project/Pods-CPSC575Project-frameworks-${CONFIGURATION}-output-files.xcfilelist",
			);
			runOnlyForDeploymentPostprocessing = 0;
			shellPath = /bin/sh;
			shellScript = "\"${PODS_ROOT}/Target Support Files/Pods-CPSC575Project/Pods-CPSC575Project-frameworks.sh\"\n";
			showEnvVarsInLog = 0;
		};
		93FC68BFE891F7A0535A1F01 /* [CP] Check Pods Manifest.lock */ = {
			isa = PBXShellScriptBuildPhase;
			buildActionMask = 2147483647;
			files = (
			);
			inputFileListPaths = (
			);
			inputPaths = (
				"${PODS_PODFILE_DIR_PATH}/Podfile.lock",
				"${PODS_ROOT}/Manifest.lock",
			);
			name = "[CP] Check Pods Manifest.lock";
			outputFileListPaths = (
			);
			outputPaths = (
				"$(DERIVED_FILE_DIR)/Pods-CPSC575Project-checkManifestLockResult.txt",
			);
			runOnlyForDeploymentPostprocessing = 0;
			shellPath = /bin/sh;
			shellScript = "diff \"${PODS_PODFILE_DIR_PATH}/Podfile.lock\" \"${PODS_ROOT}/Manifest.lock\" > /dev/null\nif [ $? != 0 ] ; then\n    # print error to STDERR\n    echo \"error: The sandbox is not in sync with the Podfile.lock. Run 'pod install' or update your CocoaPods installation.\" >&2\n    exit 1\nfi\n# This output is used by Xcode 'outputs' to avoid re-running this script phase.\necho \"SUCCESS\" > \"${SCRIPT_OUTPUT_FILE_0}\"\n";
			showEnvVarsInLog = 0;
		};
/* End PBXShellScriptBuildPhase section */

/* Begin PBXSourcesBuildPhase section */
		93AE5AAA2523056700F8C49A /* Sources */ = {
			isa = PBXSourcesBuildPhase;
			buildActionMask = 2147483647;
			files = (
				81F25A882553BBFB005181DC /* SceneDelegate.swift in Sources */,
				9388B940253CE16E00F01654 /* TestView.swift in Sources */,
				7E4DB958254A06ED002619A4 /* TopView.swift in Sources */,
				9388B966253CE43D00F01654 /* ProfileView.swift in Sources */,
				7EDB73B4254B4EBC00128CF3 /* MessagesCellModel.swift in Sources */,
				935184812559275B0008C282 /* ChatView.swift in Sources */,
				93596538252310B9002E8593 /* VMTest.swift in Sources */,
				9394CE412548083D00121D5F /* LoginSignUpModel.swift in Sources */,
				937E6FE0253D48900015004F /* MsgBubbleModel.swift in Sources */,
				9388B964253CE43000F01654 /* MatchView.swift in Sources */,
				93AE5AB22523056700F8C49A /* AppDelegate.swift in Sources */,
				7EDB73BD254B515A00128CF3 /* MainTabView.swift in Sources */,
				93AE5AB62523056700F8C49A /* ContentView.swift in Sources */,
				7EDB73B1254B4E1800128CF3 /* MessageCell.swift in Sources */,
				9388B962253CE41200F01654 /* MessageView.swift in Sources */,
				9351847F255926220008C282 /* VMChatRow.swift in Sources */,
				7EDB73AB254B4CDE00128CF3 /* ListTitleView.swift in Sources */,
				7E4DB955254A06D2002619A4 /* AppView.swift in Sources */,
				9359653625230FF7002E8593 /* TestModel.swift in Sources */,
				7EDB73BA254B50D500128CF3 /* NewMatchesCellModel.swift in Sources */,
				7EDB73B7254B506E00128CF3 /* NewMatchesCell.swift in Sources */,
				93FEBF0A2546258B00FD5D04 /* LoginSignUpView.swift in Sources */,
				7E4DB95B254A070A002619A4 /* TopTitle.swift in Sources */,
				93FEBEE32545F31A00FD5D04 /* User.swift in Sources */,
				7EDB73AE254B4DBC00128CF3 /* MatchingPersonDetailView.swift in Sources */,
				9351847D255925EE0008C282 /* ChatRowView.swift in Sources */,
				9351847B255925C10008C282 /* ChatMessageModel.swift in Sources */,
			);
			runOnlyForDeploymentPostprocessing = 0;
		};
/* End PBXSourcesBuildPhase section */

/* Begin PBXVariantGroup section */
		93AE5ABC2523056800F8C49A /* LaunchScreen.storyboard */ = {
			isa = PBXVariantGroup;
			children = (
				93AE5ABD2523056800F8C49A /* Base */,
			);
			name = LaunchScreen.storyboard;
			sourceTree = "<group>";
		};
/* End PBXVariantGroup section */

/* Begin XCBuildConfiguration section */
		93AE5AC02523056800F8C49A /* Debug */ = {
			isa = XCBuildConfiguration;
			buildSettings = {
				ALWAYS_SEARCH_USER_PATHS = NO;
				CLANG_ANALYZER_NONNULL = YES;
				CLANG_ANALYZER_NUMBER_OBJECT_CONVERSION = YES_AGGRESSIVE;
				CLANG_CXX_LANGUAGE_STANDARD = "gnu++14";
				CLANG_CXX_LIBRARY = "libc++";
				CLANG_ENABLE_MODULES = YES;
				CLANG_ENABLE_OBJC_ARC = YES;
				CLANG_ENABLE_OBJC_WEAK = YES;
				CLANG_WARN_BLOCK_CAPTURE_AUTORELEASING = YES;
				CLANG_WARN_BOOL_CONVERSION = YES;
				CLANG_WARN_COMMA = YES;
				CLANG_WARN_CONSTANT_CONVERSION = YES;
				CLANG_WARN_DEPRECATED_OBJC_IMPLEMENTATIONS = YES;
				CLANG_WARN_DIRECT_OBJC_ISA_USAGE = YES_ERROR;
				CLANG_WARN_DOCUMENTATION_COMMENTS = YES;
				CLANG_WARN_EMPTY_BODY = YES;
				CLANG_WARN_ENUM_CONVERSION = YES;
				CLANG_WARN_INFINITE_RECURSION = YES;
				CLANG_WARN_INT_CONVERSION = YES;
				CLANG_WARN_NON_LITERAL_NULL_CONVERSION = YES;
				CLANG_WARN_OBJC_IMPLICIT_RETAIN_SELF = YES;
				CLANG_WARN_OBJC_LITERAL_CONVERSION = YES;
				CLANG_WARN_OBJC_ROOT_CLASS = YES_ERROR;
				CLANG_WARN_RANGE_LOOP_ANALYSIS = YES;
				CLANG_WARN_STRICT_PROTOTYPES = YES;
				CLANG_WARN_SUSPICIOUS_MOVE = YES;
				CLANG_WARN_UNGUARDED_AVAILABILITY = YES_AGGRESSIVE;
				CLANG_WARN_UNREACHABLE_CODE = YES;
				CLANG_WARN__DUPLICATE_METHOD_MATCH = YES;
				COPY_PHASE_STRIP = NO;
				DEBUG_INFORMATION_FORMAT = dwarf;
				ENABLE_STRICT_OBJC_MSGSEND = YES;
				ENABLE_TESTABILITY = YES;
				GCC_C_LANGUAGE_STANDARD = gnu11;
				GCC_DYNAMIC_NO_PIC = NO;
				GCC_NO_COMMON_BLOCKS = YES;
				GCC_OPTIMIZATION_LEVEL = 0;
				GCC_PREPROCESSOR_DEFINITIONS = (
					"DEBUG=1",
					"$(inherited)",
				);
				GCC_WARN_64_TO_32_BIT_CONVERSION = YES;
				GCC_WARN_ABOUT_RETURN_TYPE = YES_ERROR;
				GCC_WARN_UNDECLARED_SELECTOR = YES;
				GCC_WARN_UNINITIALIZED_AUTOS = YES_AGGRESSIVE;
				GCC_WARN_UNUSED_FUNCTION = YES;
				GCC_WARN_UNUSED_VARIABLE = YES;
				IPHONEOS_DEPLOYMENT_TARGET = 13.7;
				MTL_ENABLE_DEBUG_INFO = INCLUDE_SOURCE;
				MTL_FAST_MATH = YES;
				ONLY_ACTIVE_ARCH = YES;
				SDKROOT = iphoneos;
				SWIFT_ACTIVE_COMPILATION_CONDITIONS = DEBUG;
				SWIFT_OPTIMIZATION_LEVEL = "-Onone";
			};
			name = Debug;
		};
		93AE5AC12523056800F8C49A /* Release */ = {
			isa = XCBuildConfiguration;
			buildSettings = {
				ALWAYS_SEARCH_USER_PATHS = NO;
				CLANG_ANALYZER_NONNULL = YES;
				CLANG_ANALYZER_NUMBER_OBJECT_CONVERSION = YES_AGGRESSIVE;
				CLANG_CXX_LANGUAGE_STANDARD = "gnu++14";
				CLANG_CXX_LIBRARY = "libc++";
				CLANG_ENABLE_MODULES = YES;
				CLANG_ENABLE_OBJC_ARC = YES;
				CLANG_ENABLE_OBJC_WEAK = YES;
				CLANG_WARN_BLOCK_CAPTURE_AUTORELEASING = YES;
				CLANG_WARN_BOOL_CONVERSION = YES;
				CLANG_WARN_COMMA = YES;
				CLANG_WARN_CONSTANT_CONVERSION = YES;
				CLANG_WARN_DEPRECATED_OBJC_IMPLEMENTATIONS = YES;
				CLANG_WARN_DIRECT_OBJC_ISA_USAGE = YES_ERROR;
				CLANG_WARN_DOCUMENTATION_COMMENTS = YES;
				CLANG_WARN_EMPTY_BODY = YES;
				CLANG_WARN_ENUM_CONVERSION = YES;
				CLANG_WARN_INFINITE_RECURSION = YES;
				CLANG_WARN_INT_CONVERSION = YES;
				CLANG_WARN_NON_LITERAL_NULL_CONVERSION = YES;
				CLANG_WARN_OBJC_IMPLICIT_RETAIN_SELF = YES;
				CLANG_WARN_OBJC_LITERAL_CONVERSION = YES;
				CLANG_WARN_OBJC_ROOT_CLASS = YES_ERROR;
				CLANG_WARN_RANGE_LOOP_ANALYSIS = YES;
				CLANG_WARN_STRICT_PROTOTYPES = YES;
				CLANG_WARN_SUSPICIOUS_MOVE = YES;
				CLANG_WARN_UNGUARDED_AVAILABILITY = YES_AGGRESSIVE;
				CLANG_WARN_UNREACHABLE_CODE = YES;
				CLANG_WARN__DUPLICATE_METHOD_MATCH = YES;
				COPY_PHASE_STRIP = NO;
				DEBUG_INFORMATION_FORMAT = "dwarf-with-dsym";
				ENABLE_NS_ASSERTIONS = NO;
				ENABLE_STRICT_OBJC_MSGSEND = YES;
				GCC_C_LANGUAGE_STANDARD = gnu11;
				GCC_NO_COMMON_BLOCKS = YES;
				GCC_WARN_64_TO_32_BIT_CONVERSION = YES;
				GCC_WARN_ABOUT_RETURN_TYPE = YES_ERROR;
				GCC_WARN_UNDECLARED_SELECTOR = YES;
				GCC_WARN_UNINITIALIZED_AUTOS = YES_AGGRESSIVE;
				GCC_WARN_UNUSED_FUNCTION = YES;
				GCC_WARN_UNUSED_VARIABLE = YES;
				IPHONEOS_DEPLOYMENT_TARGET = 13.7;
				MTL_ENABLE_DEBUG_INFO = NO;
				MTL_FAST_MATH = YES;
				SDKROOT = iphoneos;
				SWIFT_COMPILATION_MODE = wholemodule;
				SWIFT_OPTIMIZATION_LEVEL = "-O";
				VALIDATE_PRODUCT = YES;
			};
			name = Release;
		};
		93AE5AC32523056800F8C49A /* Debug */ = {
			isa = XCBuildConfiguration;
			baseConfigurationReference = E3A5B856865AD5F6D6578178 /* Pods-CPSC575Project.debug.xcconfig */;
			buildSettings = {
				ASSETCATALOG_COMPILER_APPICON_NAME = AppIcon;
				CODE_SIGN_STYLE = Automatic;
				DEVELOPMENT_ASSET_PATHS = "\"CPSC575Project/Preview Content\"";
				DEVELOPMENT_TEAM = "";
				ENABLE_PREVIEWS = YES;
				INFOPLIST_FILE = CPSC575Project/Info.plist;
				LD_RUNPATH_SEARCH_PATHS = (
					"$(inherited)",
					"@executable_path/Frameworks",
				);
				PRODUCT_BUNDLE_IDENTIFIER = com.bryanlam.CPSC575Project;
				PRODUCT_NAME = "$(TARGET_NAME)";
				SWIFT_VERSION = 5.0;
				TARGETED_DEVICE_FAMILY = "1,2";
			};
			name = Debug;
		};
		93AE5AC42523056800F8C49A /* Release */ = {
			isa = XCBuildConfiguration;
			baseConfigurationReference = 18592B7796A1938A75276D42 /* Pods-CPSC575Project.release.xcconfig */;
			buildSettings = {
				ASSETCATALOG_COMPILER_APPICON_NAME = AppIcon;
				CODE_SIGN_STYLE = Automatic;
				DEVELOPMENT_ASSET_PATHS = "\"CPSC575Project/Preview Content\"";
				DEVELOPMENT_TEAM = "";
				ENABLE_PREVIEWS = YES;
				INFOPLIST_FILE = CPSC575Project/Info.plist;
				LD_RUNPATH_SEARCH_PATHS = (
					"$(inherited)",
					"@executable_path/Frameworks",
				);
				PRODUCT_BUNDLE_IDENTIFIER = com.bryanlam.CPSC575Project;
				PRODUCT_NAME = "$(TARGET_NAME)";
				SWIFT_VERSION = 5.0;
				TARGETED_DEVICE_FAMILY = "1,2";
			};
			name = Release;
		};
/* End XCBuildConfiguration section */

/* Begin XCConfigurationList section */
		93AE5AA92523056700F8C49A /* Build configuration list for PBXProject "CPSC575Project" */ = {
			isa = XCConfigurationList;
			buildConfigurations = (
				93AE5AC02523056800F8C49A /* Debug */,
				93AE5AC12523056800F8C49A /* Release */,
			);
			defaultConfigurationIsVisible = 0;
			defaultConfigurationName = Release;
		};
		93AE5AC22523056800F8C49A /* Build configuration list for PBXNativeTarget "CPSC575Project" */ = {
			isa = XCConfigurationList;
			buildConfigurations = (
				93AE5AC32523056800F8C49A /* Debug */,
				93AE5AC42523056800F8C49A /* Release */,
			);
			defaultConfigurationIsVisible = 0;
			defaultConfigurationName = Release;
		};
/* End XCConfigurationList section */

/* Begin XCRemoteSwiftPackageReference section */
		81BAE3092551201300571BDF /* XCRemoteSwiftPackageReference "SDWebImageSwiftUI" */ = {
			isa = XCRemoteSwiftPackageReference;
			repositoryURL = "https://github.com/SDWebImage/SDWebImageSwiftUI.git";
			requirement = {
				kind = upToNextMajorVersion;
				minimumVersion = 1.5.0;
			};
		};
/* End XCRemoteSwiftPackageReference section */

/* Begin XCSwiftPackageProductDependency section */
		81BAE30A2551201300571BDF /* SDWebImageSwiftUI */ = {
			isa = XCSwiftPackageProductDependency;
			package = 81BAE3092551201300571BDF /* XCRemoteSwiftPackageReference "SDWebImageSwiftUI" */;
			productName = SDWebImageSwiftUI;
		};
/* End XCSwiftPackageProductDependency section */
	};
	rootObject = 93AE5AA62523056700F8C49A /* Project object */;
}
